
Microsoft Visual Studio Solution File, Format Version 12.00
# Visual Studio Version 17
VisualStudioVersion = 17.8.34408.163
MinimumVisualStudioVersion = 10.0.40219.1
Project("{FAE04EC0-301F-11D3-BF4B-00C04F79EFBC}") = "testingGit", "testingGit\testingGit.csproj", "{5C8312FC-E1D4-427E-914B-0AC04826B2C8}"
EndProject
Global
	GlobalSection(SolutionConfigurationPlatforms) = preSolution
		Debug|Any CPU = Debug|Any CPU
		Release|Any CPU = Release|Any CPU
	EndGlobalSection
	GlobalSection(ProjectConfigurationPlatforms) = postSolution
		{5C8312FC-E1D4-427E-914B-0AC04826B2C8}.Debug|Any CPU.ActiveCfg = Debug|Any CPU
		{5C8312FC-E1D4-427E-914B-0AC04826B2C8}.Debug|Any CPU.Build.0 = Debug|Any CPU
		{5C8312FC-E1D4-427E-914B-0AC04826B2C8}.Release|Any CPU.ActiveCfg = Release|Any CPU
		{5C8312FC-E1D4-427E-914B-0AC04826B2C8}.Release|Any CPU.Build.0 = Release|Any CPU
	EndGlobalSection
	GlobalSection(SolutionProperties) = preSolution
		HideSolutionNode = FALSE
	EndGlobalSection
	GlobalSection(ExtensibilityGlobals) = postSolution
		SolutionGuid = {DB947AAE-C7A8-498B-BFC8-443FE2C15154}
	EndGlobalSection
EndGlobal
